
Microsoft Visual Studio Solution File, Format Version 12.00
# Visual Studio Version 17
VisualStudioVersion = 17.2.32630.192
MinimumVisualStudioVersion = 10.0.40219.1
Project("{FAE04EC0-301F-11D3-BF4B-00C04F79EFBC}") = "QRCodeTest", "QRCodeGenerator\QRCodeTest.csproj", "{BEABB239-243E-47BB-B40A-3AE0B2B3B7F4}"
EndProject
Global
	GlobalSection(SolutionConfigurationPlatforms) = preSolution
		Debug|Any CPU = Debug|Any CPU
		Release|Any CPU = Release|Any CPU
	EndGlobalSection
	GlobalSection(ProjectConfigurationPlatforms) = postSolution
		{BEABB239-243E-47BB-B40A-3AE0B2B3B7F4}.Debug|Any CPU.ActiveCfg = Debug|Any CPU
		{BEABB239-243E-47BB-B40A-3AE0B2B3B7F4}.Debug|Any CPU.Build.0 = Debug|Any CPU
		{BEABB239-243E-47BB-B40A-3AE0B2B3B7F4}.Release|Any CPU.ActiveCfg = Release|Any CPU
		{BEABB239-243E-47BB-B40A-3AE0B2B3B7F4}.Release|Any CPU.Build.0 = Release|Any CPU
	EndGlobalSection
	GlobalSection(SolutionProperties) = preSolution
		HideSolutionNode = FALSE
	EndGlobalSection
	GlobalSection(ExtensibilityGlobals) = postSolution
		SolutionGuid = {0D7C666E-4209-48AD-A596-BF5B4B5DC3A5}
	EndGlobalSection
EndGlobal
